
Microsoft Visual Studio Solution File, Format Version 12.00
# Visual Studio Version 16
VisualStudioVersion = 16.0.29911.84
MinimumVisualStudioVersion = 10.0.40219.1
Project("{FAE04EC0-301F-11D3-BF4B-00C04F79EFBC}") = "Calculator.Web", "Calculator.Web\Calculator.Web.csproj", "{D2A950AB-A7AF-4A99-8221-7EE6AB2F49AF}"
EndProject
Project("{FAE04EC0-301F-11D3-BF4B-00C04F79EFBC}") = "Calculator.Library", "Calculator.Library\Calculator.Library.csproj", "{F8D8B39F-0B86-4DD5-9B85-3796B7F18EA9}"
EndProject
Project("{FAE04EC0-301F-11D3-BF4B-00C04F79EFBC}") = "Calculator.Library.Tests", "Calculator.Test\Calculator.Library.Tests.csproj", "{C5C80EDB-C690-46B5-A45E-74E1410AEF5E}"
EndProject
Project("{FAE04EC0-301F-11D3-BF4B-00C04F79EFBC}") = "Calculator.Library.Tests.VTENE", "Calculator.Library.Tests.VTENE\Calculator.Library.Tests.VTENE.csproj", "{431C677B-F593-4438-997C-E43268189BB1}"
EndProject
Project("{FAE04EC0-301F-11D3-BF4B-00C04F79EFBC}") = "Factorial", "Factorial\Factorial.csproj", "{4047E419-3962-47AF-A64A-DADB9C67316E}"
EndProject
Project("{FAE04EC0-301F-11D3-BF4B-00C04F79EFBC}") = "DataDrivenApplication", "DataDrivenApplication\DataDrivenApplication\DataDrivenApplication.csproj", "{86C83FD3-A183-461F-9E74-8B898A515D08}"
EndProject
Project("{FAE04EC0-301F-11D3-BF4B-00C04F79EFBC}") = "DataDrivenApplication.Test", "DataDrivenApplication\DataDrivenApplication.Test\DataDrivenApplication.Test.csproj", "{96F25D27-F619-4922-809A-77116FBE3996}"
EndProject
Global
	GlobalSection(SolutionConfigurationPlatforms) = preSolution
		Debug|Any CPU = Debug|Any CPU
		Release|Any CPU = Release|Any CPU
	EndGlobalSection
	GlobalSection(ProjectConfigurationPlatforms) = postSolution
		{D2A950AB-A7AF-4A99-8221-7EE6AB2F49AF}.Debug|Any CPU.ActiveCfg = Debug|Any CPU
		{D2A950AB-A7AF-4A99-8221-7EE6AB2F49AF}.Debug|Any CPU.Build.0 = Debug|Any CPU
		{D2A950AB-A7AF-4A99-8221-7EE6AB2F49AF}.Release|Any CPU.ActiveCfg = Release|Any CPU
		{D2A950AB-A7AF-4A99-8221-7EE6AB2F49AF}.Release|Any CPU.Build.0 = Release|Any CPU
		{F8D8B39F-0B86-4DD5-9B85-3796B7F18EA9}.Debug|Any CPU.ActiveCfg = Debug|Any CPU
		{F8D8B39F-0B86-4DD5-9B85-3796B7F18EA9}.Debug|Any CPU.Build.0 = Debug|Any CPU
		{F8D8B39F-0B86-4DD5-9B85-3796B7F18EA9}.Release|Any CPU.ActiveCfg = Release|Any CPU
		{F8D8B39F-0B86-4DD5-9B85-3796B7F18EA9}.Release|Any CPU.Build.0 = Release|Any CPU
		{C5C80EDB-C690-46B5-A45E-74E1410AEF5E}.Debug|Any CPU.ActiveCfg = Debug|Any CPU
		{C5C80EDB-C690-46B5-A45E-74E1410AEF5E}.Debug|Any CPU.Build.0 = Debug|Any CPU
		{C5C80EDB-C690-46B5-A45E-74E1410AEF5E}.Release|Any CPU.ActiveCfg = Release|Any CPU
		{C5C80EDB-C690-46B5-A45E-74E1410AEF5E}.Release|Any CPU.Build.0 = Release|Any CPU
		{431C677B-F593-4438-997C-E43268189BB1}.Debug|Any CPU.ActiveCfg = Debug|Any CPU
		{431C677B-F593-4438-997C-E43268189BB1}.Debug|Any CPU.Build.0 = Debug|Any CPU
		{431C677B-F593-4438-997C-E43268189BB1}.Release|Any CPU.ActiveCfg = Release|Any CPU
		{431C677B-F593-4438-997C-E43268189BB1}.Release|Any CPU.Build.0 = Release|Any CPU
		{4047E419-3962-47AF-A64A-DADB9C67316E}.Debug|Any CPU.ActiveCfg = Debug|Any CPU
		{4047E419-3962-47AF-A64A-DADB9C67316E}.Debug|Any CPU.Build.0 = Debug|Any CPU
		{4047E419-3962-47AF-A64A-DADB9C67316E}.Release|Any CPU.ActiveCfg = Release|Any CPU
		{4047E419-3962-47AF-A64A-DADB9C67316E}.Release|Any CPU.Build.0 = Release|Any CPU
		{86C83FD3-A183-461F-9E74-8B898A515D08}.Debug|Any CPU.ActiveCfg = Debug|Any CPU
		{86C83FD3-A183-461F-9E74-8B898A515D08}.Debug|Any CPU.Build.0 = Debug|Any CPU
		{86C83FD3-A183-461F-9E74-8B898A515D08}.Release|Any CPU.ActiveCfg = Release|Any CPU
		{86C83FD3-A183-461F-9E74-8B898A515D08}.Release|Any CPU.Build.0 = Release|Any CPU
		{96F25D27-F619-4922-809A-77116FBE3996}.Debug|Any CPU.ActiveCfg = Debug|Any CPU
		{96F25D27-F619-4922-809A-77116FBE3996}.Debug|Any CPU.Build.0 = Debug|Any CPU
		{96F25D27-F619-4922-809A-77116FBE3996}.Release|Any CPU.ActiveCfg = Release|Any CPU
		{96F25D27-F619-4922-809A-77116FBE3996}.Release|Any CPU.Build.0 = Release|Any CPU
	EndGlobalSection
	GlobalSection(SolutionProperties) = preSolution
		HideSolutionNode = FALSE
	EndGlobalSection
	GlobalSection(ExtensibilityGlobals) = postSolution
		SolutionGuid = {7B24A29B-4531-4FBC-B9E2-472FEE8E5DB0}
	EndGlobalSection
EndGlobal
