
Microsoft Visual Studio Solution File, Format Version 12.00
# Visual Studio 15
VisualStudioVersion = 15.0.28307.1022
MinimumVisualStudioVersion = 10.0.40219.1
Project("{FAE04EC0-301F-11D3-BF4B-00C04F79EFBC}") = "Calculator.Web", "Calculator.Web\Calculator.Web.csproj", "{D2A950AB-A7AF-4A99-8221-7EE6AB2F49AF}"
EndProject
Project("{FAE04EC0-301F-11D3-BF4B-00C04F79EFBC}") = "Calculator.Library", "Calculator.Library\Calculator.Library.csproj", "{F8D8B39F-0B86-4DD5-9B85-3796B7F18EA9}"
EndProject
Project("{FAE04EC0-301F-11D3-BF4B-00C04F79EFBC}") = "Calculator.Library.Tests", "Calculator.Test\Calculator.Library.Tests.csproj", "{C5C80EDB-C690-46B5-A45E-74E1410AEF5E}"
EndProject
Project("{FAE04EC0-301F-11D3-BF4B-00C04F79EFBC}") = "Calculator.Library.Tests.VTE", "Calculator.Library.Tests.VTE\Calculator.Library.Tests.VTE.csproj", "{7618AF9F-83DC-40AD-B2E5-85437497EFC2}"
EndProject
Global
	GlobalSection(SolutionConfigurationPlatforms) = preSolution
		Debug|Any CPU = Debug|Any CPU
		Release|Any CPU = Release|Any CPU
	EndGlobalSection
	GlobalSection(ProjectConfigurationPlatforms) = postSolution
		{D2A950AB-A7AF-4A99-8221-7EE6AB2F49AF}.Debug|Any CPU.ActiveCfg = Debug|Any CPU
		{D2A950AB-A7AF-4A99-8221-7EE6AB2F49AF}.Debug|Any CPU.Build.0 = Debug|Any CPU
		{D2A950AB-A7AF-4A99-8221-7EE6AB2F49AF}.Release|Any CPU.ActiveCfg = Release|Any CPU
		{D2A950AB-A7AF-4A99-8221-7EE6AB2F49AF}.Release|Any CPU.Build.0 = Release|Any CPU
		{F8D8B39F-0B86-4DD5-9B85-3796B7F18EA9}.Debug|Any CPU.ActiveCfg = Debug|Any CPU
		{F8D8B39F-0B86-4DD5-9B85-3796B7F18EA9}.Debug|Any CPU.Build.0 = Debug|Any CPU
		{F8D8B39F-0B86-4DD5-9B85-3796B7F18EA9}.Release|Any CPU.ActiveCfg = Release|Any CPU
		{F8D8B39F-0B86-4DD5-9B85-3796B7F18EA9}.Release|Any CPU.Build.0 = Release|Any CPU
		{C5C80EDB-C690-46B5-A45E-74E1410AEF5E}.Debug|Any CPU.ActiveCfg = Debug|Any CPU
		{C5C80EDB-C690-46B5-A45E-74E1410AEF5E}.Debug|Any CPU.Build.0 = Debug|Any CPU
		{C5C80EDB-C690-46B5-A45E-74E1410AEF5E}.Release|Any CPU.ActiveCfg = Release|Any CPU
		{C5C80EDB-C690-46B5-A45E-74E1410AEF5E}.Release|Any CPU.Build.0 = Release|Any CPU
		{7618AF9F-83DC-40AD-B2E5-85437497EFC2}.Debug|Any CPU.ActiveCfg = Debug|Any CPU
		{7618AF9F-83DC-40AD-B2E5-85437497EFC2}.Debug|Any CPU.Build.0 = Debug|Any CPU
		{7618AF9F-83DC-40AD-B2E5-85437497EFC2}.Release|Any CPU.ActiveCfg = Release|Any CPU
		{7618AF9F-83DC-40AD-B2E5-85437497EFC2}.Release|Any CPU.Build.0 = Release|Any CPU
	EndGlobalSection
	GlobalSection(SolutionProperties) = preSolution
		HideSolutionNode = FALSE
	EndGlobalSection
	GlobalSection(ExtensibilityGlobals) = postSolution
		SolutionGuid = {7B24A29B-4531-4FBC-B9E2-472FEE8E5DB0}
	EndGlobalSection
EndGlobal
