
Microsoft Visual Studio Solution File, Format Version 12.00
# Visual Studio Version 16
VisualStudioVersion = 16.0.30621.155
MinimumVisualStudioVersion = 10.0.40219.1
Project("{FAE04EC0-301F-11D3-BF4B-00C04F79EFBC}") = "DeskBooker.Core.Tests", "DeskBooker.Core.Tests\DeskBooker.Core.Tests.csproj", "{B4E8A807-2BA8-40C9-9555-494078246706}"
EndProject
Project("{FAE04EC0-301F-11D3-BF4B-00C04F79EFBC}") = "DeskBooker.Core", "DeskBooker.Core\DeskBooker.Core.csproj", "{4351FF28-371A-4C9A-80A6-1FDA06FEFBBA}"
EndProject
Global
	GlobalSection(SolutionConfigurationPlatforms) = preSolution
		Debug|Any CPU = Debug|Any CPU
		Release|Any CPU = Release|Any CPU
	EndGlobalSection
	GlobalSection(ProjectConfigurationPlatforms) = postSolution
		{B4E8A807-2BA8-40C9-9555-494078246706}.Debug|Any CPU.ActiveCfg = Debug|Any CPU
		{B4E8A807-2BA8-40C9-9555-494078246706}.Debug|Any CPU.Build.0 = Debug|Any CPU
		{B4E8A807-2BA8-40C9-9555-494078246706}.Release|Any CPU.ActiveCfg = Release|Any CPU
		{B4E8A807-2BA8-40C9-9555-494078246706}.Release|Any CPU.Build.0 = Release|Any CPU
		{4351FF28-371A-4C9A-80A6-1FDA06FEFBBA}.Debug|Any CPU.ActiveCfg = Debug|Any CPU
		{4351FF28-371A-4C9A-80A6-1FDA06FEFBBA}.Debug|Any CPU.Build.0 = Debug|Any CPU
		{4351FF28-371A-4C9A-80A6-1FDA06FEFBBA}.Release|Any CPU.ActiveCfg = Release|Any CPU
		{4351FF28-371A-4C9A-80A6-1FDA06FEFBBA}.Release|Any CPU.Build.0 = Release|Any CPU
	EndGlobalSection
	GlobalSection(SolutionProperties) = preSolution
		HideSolutionNode = FALSE
	EndGlobalSection
	GlobalSection(ExtensibilityGlobals) = postSolution
		SolutionGuid = {F44A4260-ED42-4F1C-97B4-BF9171134DC6}
	EndGlobalSection
EndGlobal
