
Microsoft Visual Studio Solution File, Format Version 12.00
# Visual Studio Version 16
VisualStudioVersion = 16.0.29911.84
MinimumVisualStudioVersion = 10.0.40219.1
Project("{FAE04EC0-301F-11D3-BF4B-00C04F79EFBC}") = "DEskBooker.Core.Tests", "DEskBooker.Core.Tests\DEskBooker.Core.Tests.csproj", "{395668C9-8214-4C86-85F0-DA1E1694770B}"
EndProject
Project("{FAE04EC0-301F-11D3-BF4B-00C04F79EFBC}") = "DEskBooker.Core", "DEskBooker.Core\DEskBooker.Core.csproj", "{4A08E10E-4AC9-4884-933F-73BB688E63F2}"
EndProject
Global
	GlobalSection(SolutionConfigurationPlatforms) = preSolution
		Debug|Any CPU = Debug|Any CPU
		Release|Any CPU = Release|Any CPU
	EndGlobalSection
	GlobalSection(ProjectConfigurationPlatforms) = postSolution
		{395668C9-8214-4C86-85F0-DA1E1694770B}.Debug|Any CPU.ActiveCfg = Debug|Any CPU
		{395668C9-8214-4C86-85F0-DA1E1694770B}.Debug|Any CPU.Build.0 = Debug|Any CPU
		{395668C9-8214-4C86-85F0-DA1E1694770B}.Release|Any CPU.ActiveCfg = Release|Any CPU
		{395668C9-8214-4C86-85F0-DA1E1694770B}.Release|Any CPU.Build.0 = Release|Any CPU
		{4A08E10E-4AC9-4884-933F-73BB688E63F2}.Debug|Any CPU.ActiveCfg = Debug|Any CPU
		{4A08E10E-4AC9-4884-933F-73BB688E63F2}.Debug|Any CPU.Build.0 = Debug|Any CPU
		{4A08E10E-4AC9-4884-933F-73BB688E63F2}.Release|Any CPU.ActiveCfg = Release|Any CPU
		{4A08E10E-4AC9-4884-933F-73BB688E63F2}.Release|Any CPU.Build.0 = Release|Any CPU
	EndGlobalSection
	GlobalSection(SolutionProperties) = preSolution
		HideSolutionNode = FALSE
	EndGlobalSection
	GlobalSection(ExtensibilityGlobals) = postSolution
		SolutionGuid = {7695A1BF-7999-4BA1-B072-DA45B4421797}
	EndGlobalSection
EndGlobal
