
Microsoft Visual Studio Solution File, Format Version 12.00
# Visual Studio Version 16
VisualStudioVersion = 16.0.31729.503
MinimumVisualStudioVersion = 10.0.40219.1
Project("{9A19103F-16F7-4668-BE54-9A1E7A4F7556}") = "SpecFlow.DrivingDemoLib", "SpecFlow.DrivingDemoLib\SpecFlow.DrivingDemoLib.csproj", "{102BF8CE-A777-438E-9153-7DA04F308BBE}"
EndProject
Project("{FAE04EC0-301F-11D3-BF4B-00C04F79EFBC}") = "SpecFlow.DrivingDemoLib.Test", "SpecFlow.DrivingDemoLib.Test\SpecFlow.DrivingDemoLib.Test.csproj", "{C13CC06F-53EB-45E8-B1D8-6913BD86623B}"
EndProject
Global
	GlobalSection(SolutionConfigurationPlatforms) = preSolution
		Debug|Any CPU = Debug|Any CPU
		Release|Any CPU = Release|Any CPU
	EndGlobalSection
	GlobalSection(ProjectConfigurationPlatforms) = postSolution
		{102BF8CE-A777-438E-9153-7DA04F308BBE}.Debug|Any CPU.ActiveCfg = Debug|Any CPU
		{102BF8CE-A777-438E-9153-7DA04F308BBE}.Debug|Any CPU.Build.0 = Debug|Any CPU
		{102BF8CE-A777-438E-9153-7DA04F308BBE}.Release|Any CPU.ActiveCfg = Release|Any CPU
		{102BF8CE-A777-438E-9153-7DA04F308BBE}.Release|Any CPU.Build.0 = Release|Any CPU
		{C13CC06F-53EB-45E8-B1D8-6913BD86623B}.Debug|Any CPU.ActiveCfg = Debug|Any CPU
		{C13CC06F-53EB-45E8-B1D8-6913BD86623B}.Debug|Any CPU.Build.0 = Debug|Any CPU
		{C13CC06F-53EB-45E8-B1D8-6913BD86623B}.Release|Any CPU.ActiveCfg = Release|Any CPU
		{C13CC06F-53EB-45E8-B1D8-6913BD86623B}.Release|Any CPU.Build.0 = Release|Any CPU
	EndGlobalSection
	GlobalSection(SolutionProperties) = preSolution
		HideSolutionNode = FALSE
	EndGlobalSection
	GlobalSection(ExtensibilityGlobals) = postSolution
		SolutionGuid = {6099C00C-9CBF-440D-894A-7BAD799BEFBF}
	EndGlobalSection
EndGlobal
